
Microsoft Visual Studio Solution File, Format Version 12.00
# Visual Studio Version 16
VisualStudioVersion = 16.6.30114.105
MinimumVisualStudioVersion = 10.0.40219.1
Project("{FAE04EC0-301F-11D3-BF4B-00C04F79EFBC}") = "Penguin.Cms.Errors.Local", "Penguin.Cms.Errors.Local.csproj", "{C3AD8FD3-B24F-424C-AADB-FE1473EEA3F6}"
EndProject
Project("{FAE04EC0-301F-11D3-BF4B-00C04F79EFBC}") = "Penguin.Auditing.Abstractions.Local", "..\Penguin.Auditing.Abstractions\Penguin.Auditing.Abstractions.Local.csproj", "{CD2DB86E-FDF1-4F55-B5EE-1A410B4B935C}"
EndProject
Project("{FAE04EC0-301F-11D3-BF4B-00C04F79EFBC}") = "Penguin.Extensions.Exceptions.Local", "..\Penguin.Extensions.Exceptions\Penguin.Extensions.Exceptions.Local.csproj", "{D36C6AEA-D7BD-4E28-900B-64F3022A3A14}"
EndProject
Project("{FAE04EC0-301F-11D3-BF4B-00C04F79EFBC}") = "Penguin.Cms.Entities.Local", "..\Penguin.Cms.Entities\Penguin.Cms.Entities.Local.csproj", "{044E6496-7A1D-4EAD-B8A7-950A6B4E1B14}"
EndProject
Project("{FAE04EC0-301F-11D3-BF4B-00C04F79EFBC}") = "Penguin.Persistence.Abstractions.Local", "..\Penguin.Persistence.Abstractions\Penguin.Persistence.Abstractions.Local.csproj", "{3F1871F3-8CFD-48CB-835B-F7B2EFB92AE4}"
EndProject
Project("{FAE04EC0-301F-11D3-BF4B-00C04F79EFBC}") = "Penguin.Entities.Abstractions.Local", "..\Penguin.Entities.Abstractions\Penguin.Entities.Abstractions.Local.csproj", "{FA0B4944-90C7-4044-A778-A1FDD6035B4A}"
EndProject
Project("{FAE04EC0-301F-11D3-BF4B-00C04F79EFBC}") = "Penguin.Reflection.Extensions.Local", "..\Penguin.Reflection.Extensions\Penguin.Reflection.Extensions.Local.csproj", "{BB9C2708-BB09-4DE3-B203-79DD4E8D9BDD}"
EndProject
Project("{FAE04EC0-301F-11D3-BF4B-00C04F79EFBC}") = "Penguin.Reflection.Abstractions.Local", "..\Penguin.Reflection.Abstractions\Penguin.Reflection.Abstractions.Local.csproj", "{E568F5C3-84C5-4B6A-AF9E-B484A9CEAB24}"
EndProject
Project("{FAE04EC0-301F-11D3-BF4B-00C04F79EFBC}") = "Penguin.Extensions.String.Local", "..\Penguin.Extensions.String\Penguin.Extensions.String.Local.csproj", "{D172A352-4325-47F0-B4A2-DF187C0159F9}"
EndProject
Global
	GlobalSection(SolutionConfigurationPlatforms) = preSolution
		Debug|Any CPU = Debug|Any CPU
		Debug|x64 = Debug|x64
		Debug|x86 = Debug|x86
		Release|Any CPU = Release|Any CPU
		Release|x64 = Release|x64
		Release|x86 = Release|x86
	EndGlobalSection
	GlobalSection(SolutionProperties) = preSolution
		HideSolutionNode = FALSE
	EndGlobalSection
	GlobalSection(ProjectConfigurationPlatforms) = postSolution
		{C3AD8FD3-B24F-424C-AADB-FE1473EEA3F6}.Debug|Any CPU.ActiveCfg = Debug|Any CPU
		{C3AD8FD3-B24F-424C-AADB-FE1473EEA3F6}.Debug|Any CPU.Build.0 = Debug|Any CPU
		{C3AD8FD3-B24F-424C-AADB-FE1473EEA3F6}.Debug|x64.ActiveCfg = Debug|Any CPU
		{C3AD8FD3-B24F-424C-AADB-FE1473EEA3F6}.Debug|x64.Build.0 = Debug|Any CPU
		{C3AD8FD3-B24F-424C-AADB-FE1473EEA3F6}.Debug|x86.ActiveCfg = Debug|Any CPU
		{C3AD8FD3-B24F-424C-AADB-FE1473EEA3F6}.Debug|x86.Build.0 = Debug|Any CPU
		{C3AD8FD3-B24F-424C-AADB-FE1473EEA3F6}.Release|Any CPU.ActiveCfg = Release|Any CPU
		{C3AD8FD3-B24F-424C-AADB-FE1473EEA3F6}.Release|Any CPU.Build.0 = Release|Any CPU
		{C3AD8FD3-B24F-424C-AADB-FE1473EEA3F6}.Release|x64.ActiveCfg = Release|Any CPU
		{C3AD8FD3-B24F-424C-AADB-FE1473EEA3F6}.Release|x64.Build.0 = Release|Any CPU
		{C3AD8FD3-B24F-424C-AADB-FE1473EEA3F6}.Release|x86.ActiveCfg = Release|Any CPU
		{C3AD8FD3-B24F-424C-AADB-FE1473EEA3F6}.Release|x86.Build.0 = Release|Any CPU
		{CD2DB86E-FDF1-4F55-B5EE-1A410B4B935C}.Debug|Any CPU.ActiveCfg = Debug|Any CPU
		{CD2DB86E-FDF1-4F55-B5EE-1A410B4B935C}.Debug|Any CPU.Build.0 = Debug|Any CPU
		{CD2DB86E-FDF1-4F55-B5EE-1A410B4B935C}.Debug|x64.ActiveCfg = Debug|Any CPU
		{CD2DB86E-FDF1-4F55-B5EE-1A410B4B935C}.Debug|x64.Build.0 = Debug|Any CPU
		{CD2DB86E-FDF1-4F55-B5EE-1A410B4B935C}.Debug|x86.ActiveCfg = Debug|Any CPU
		{CD2DB86E-FDF1-4F55-B5EE-1A410B4B935C}.Debug|x86.Build.0 = Debug|Any CPU
		{CD2DB86E-FDF1-4F55-B5EE-1A410B4B935C}.Release|Any CPU.ActiveCfg = Release|Any CPU
		{CD2DB86E-FDF1-4F55-B5EE-1A410B4B935C}.Release|Any CPU.Build.0 = Release|Any CPU
		{CD2DB86E-FDF1-4F55-B5EE-1A410B4B935C}.Release|x64.ActiveCfg = Release|Any CPU
		{CD2DB86E-FDF1-4F55-B5EE-1A410B4B935C}.Release|x64.Build.0 = Release|Any CPU
		{CD2DB86E-FDF1-4F55-B5EE-1A410B4B935C}.Release|x86.ActiveCfg = Release|Any CPU
		{CD2DB86E-FDF1-4F55-B5EE-1A410B4B935C}.Release|x86.Build.0 = Release|Any CPU
		{D36C6AEA-D7BD-4E28-900B-64F3022A3A14}.Debug|Any CPU.ActiveCfg = Debug|Any CPU
		{D36C6AEA-D7BD-4E28-900B-64F3022A3A14}.Debug|Any CPU.Build.0 = Debug|Any CPU
		{D36C6AEA-D7BD-4E28-900B-64F3022A3A14}.Debug|x64.ActiveCfg = Debug|Any CPU
		{D36C6AEA-D7BD-4E28-900B-64F3022A3A14}.Debug|x64.Build.0 = Debug|Any CPU
		{D36C6AEA-D7BD-4E28-900B-64F3022A3A14}.Debug|x86.ActiveCfg = Debug|Any CPU
		{D36C6AEA-D7BD-4E28-900B-64F3022A3A14}.Debug|x86.Build.0 = Debug|Any CPU
		{D36C6AEA-D7BD-4E28-900B-64F3022A3A14}.Release|Any CPU.ActiveCfg = Release|Any CPU
		{D36C6AEA-D7BD-4E28-900B-64F3022A3A14}.Release|Any CPU.Build.0 = Release|Any CPU
		{D36C6AEA-D7BD-4E28-900B-64F3022A3A14}.Release|x64.ActiveCfg = Release|Any CPU
		{D36C6AEA-D7BD-4E28-900B-64F3022A3A14}.Release|x64.Build.0 = Release|Any CPU
		{D36C6AEA-D7BD-4E28-900B-64F3022A3A14}.Release|x86.ActiveCfg = Release|Any CPU
		{D36C6AEA-D7BD-4E28-900B-64F3022A3A14}.Release|x86.Build.0 = Release|Any CPU
		{044E6496-7A1D-4EAD-B8A7-950A6B4E1B14}.Debug|Any CPU.ActiveCfg = Debug|Any CPU
		{044E6496-7A1D-4EAD-B8A7-950A6B4E1B14}.Debug|Any CPU.Build.0 = Debug|Any CPU
		{044E6496-7A1D-4EAD-B8A7-950A6B4E1B14}.Debug|x64.ActiveCfg = Debug|Any CPU
		{044E6496-7A1D-4EAD-B8A7-950A6B4E1B14}.Debug|x64.Build.0 = Debug|Any CPU
		{044E6496-7A1D-4EAD-B8A7-950A6B4E1B14}.Debug|x86.ActiveCfg = Debug|Any CPU
		{044E6496-7A1D-4EAD-B8A7-950A6B4E1B14}.Debug|x86.Build.0 = Debug|Any CPU
		{044E6496-7A1D-4EAD-B8A7-950A6B4E1B14}.Release|Any CPU.ActiveCfg = Release|Any CPU
		{044E6496-7A1D-4EAD-B8A7-950A6B4E1B14}.Release|Any CPU.Build.0 = Release|Any CPU
		{044E6496-7A1D-4EAD-B8A7-950A6B4E1B14}.Release|x64.ActiveCfg = Release|Any CPU
		{044E6496-7A1D-4EAD-B8A7-950A6B4E1B14}.Release|x64.Build.0 = Release|Any CPU
		{044E6496-7A1D-4EAD-B8A7-950A6B4E1B14}.Release|x86.ActiveCfg = Release|Any CPU
		{044E6496-7A1D-4EAD-B8A7-950A6B4E1B14}.Release|x86.Build.0 = Release|Any CPU
		{3F1871F3-8CFD-48CB-835B-F7B2EFB92AE4}.Debug|Any CPU.ActiveCfg = Debug|Any CPU
		{3F1871F3-8CFD-48CB-835B-F7B2EFB92AE4}.Debug|Any CPU.Build.0 = Debug|Any CPU
		{3F1871F3-8CFD-48CB-835B-F7B2EFB92AE4}.Debug|x64.ActiveCfg = Debug|Any CPU
		{3F1871F3-8CFD-48CB-835B-F7B2EFB92AE4}.Debug|x64.Build.0 = Debug|Any CPU
		{3F1871F3-8CFD-48CB-835B-F7B2EFB92AE4}.Debug|x86.ActiveCfg = Debug|Any CPU
		{3F1871F3-8CFD-48CB-835B-F7B2EFB92AE4}.Debug|x86.Build.0 = Debug|Any CPU
		{3F1871F3-8CFD-48CB-835B-F7B2EFB92AE4}.Release|Any CPU.ActiveCfg = Release|Any CPU
		{3F1871F3-8CFD-48CB-835B-F7B2EFB92AE4}.Release|Any CPU.Build.0 = Release|Any CPU
		{3F1871F3-8CFD-48CB-835B-F7B2EFB92AE4}.Release|x64.ActiveCfg = Release|Any CPU
		{3F1871F3-8CFD-48CB-835B-F7B2EFB92AE4}.Release|x64.Build.0 = Release|Any CPU
		{3F1871F3-8CFD-48CB-835B-F7B2EFB92AE4}.Release|x86.ActiveCfg = Release|Any CPU
		{3F1871F3-8CFD-48CB-835B-F7B2EFB92AE4}.Release|x86.Build.0 = Release|Any CPU
		{FA0B4944-90C7-4044-A778-A1FDD6035B4A}.Debug|Any CPU.ActiveCfg = Debug|Any CPU
		{FA0B4944-90C7-4044-A778-A1FDD6035B4A}.Debug|Any CPU.Build.0 = Debug|Any CPU
		{FA0B4944-90C7-4044-A778-A1FDD6035B4A}.Debug|x64.ActiveCfg = Debug|Any CPU
		{FA0B4944-90C7-4044-A778-A1FDD6035B4A}.Debug|x64.Build.0 = Debug|Any CPU
		{FA0B4944-90C7-4044-A778-A1FDD6035B4A}.Debug|x86.ActiveCfg = Debug|Any CPU
		{FA0B4944-90C7-4044-A778-A1FDD6035B4A}.Debug|x86.Build.0 = Debug|Any CPU
		{FA0B4944-90C7-4044-A778-A1FDD6035B4A}.Release|Any CPU.ActiveCfg = Release|Any CPU
		{FA0B4944-90C7-4044-A778-A1FDD6035B4A}.Release|Any CPU.Build.0 = Release|Any CPU
		{FA0B4944-90C7-4044-A778-A1FDD6035B4A}.Release|x64.ActiveCfg = Release|Any CPU
		{FA0B4944-90C7-4044-A778-A1FDD6035B4A}.Release|x64.Build.0 = Release|Any CPU
		{FA0B4944-90C7-4044-A778-A1FDD6035B4A}.Release|x86.ActiveCfg = Release|Any CPU
		{FA0B4944-90C7-4044-A778-A1FDD6035B4A}.Release|x86.Build.0 = Release|Any CPU
		{BB9C2708-BB09-4DE3-B203-79DD4E8D9BDD}.Debug|Any CPU.ActiveCfg = Debug|Any CPU
		{BB9C2708-BB09-4DE3-B203-79DD4E8D9BDD}.Debug|Any CPU.Build.0 = Debug|Any CPU
		{BB9C2708-BB09-4DE3-B203-79DD4E8D9BDD}.Debug|x64.ActiveCfg = Debug|Any CPU
		{BB9C2708-BB09-4DE3-B203-79DD4E8D9BDD}.Debug|x64.Build.0 = Debug|Any CPU
		{BB9C2708-BB09-4DE3-B203-79DD4E8D9BDD}.Debug|x86.ActiveCfg = Debug|Any CPU
		{BB9C2708-BB09-4DE3-B203-79DD4E8D9BDD}.Debug|x86.Build.0 = Debug|Any CPU
		{BB9C2708-BB09-4DE3-B203-79DD4E8D9BDD}.Release|Any CPU.ActiveCfg = Release|Any CPU
		{BB9C2708-BB09-4DE3-B203-79DD4E8D9BDD}.Release|Any CPU.Build.0 = Release|Any CPU
		{BB9C2708-BB09-4DE3-B203-79DD4E8D9BDD}.Release|x64.ActiveCfg = Release|Any CPU
		{BB9C2708-BB09-4DE3-B203-79DD4E8D9BDD}.Release|x64.Build.0 = Release|Any CPU
		{BB9C2708-BB09-4DE3-B203-79DD4E8D9BDD}.Release|x86.ActiveCfg = Release|Any CPU
		{BB9C2708-BB09-4DE3-B203-79DD4E8D9BDD}.Release|x86.Build.0 = Release|Any CPU
		{E568F5C3-84C5-4B6A-AF9E-B484A9CEAB24}.Debug|Any CPU.ActiveCfg = Debug|Any CPU
		{E568F5C3-84C5-4B6A-AF9E-B484A9CEAB24}.Debug|Any CPU.Build.0 = Debug|Any CPU
		{E568F5C3-84C5-4B6A-AF9E-B484A9CEAB24}.Debug|x64.ActiveCfg = Debug|Any CPU
		{E568F5C3-84C5-4B6A-AF9E-B484A9CEAB24}.Debug|x64.Build.0 = Debug|Any CPU
		{E568F5C3-84C5-4B6A-AF9E-B484A9CEAB24}.Debug|x86.ActiveCfg = Debug|Any CPU
		{E568F5C3-84C5-4B6A-AF9E-B484A9CEAB24}.Debug|x86.Build.0 = Debug|Any CPU
		{E568F5C3-84C5-4B6A-AF9E-B484A9CEAB24}.Release|Any CPU.ActiveCfg = Release|Any CPU
		{E568F5C3-84C5-4B6A-AF9E-B484A9CEAB24}.Release|Any CPU.Build.0 = Release|Any CPU
		{E568F5C3-84C5-4B6A-AF9E-B484A9CEAB24}.Release|x64.ActiveCfg = Release|Any CPU
		{E568F5C3-84C5-4B6A-AF9E-B484A9CEAB24}.Release|x64.Build.0 = Release|Any CPU
		{E568F5C3-84C5-4B6A-AF9E-B484A9CEAB24}.Release|x86.ActiveCfg = Release|Any CPU
		{E568F5C3-84C5-4B6A-AF9E-B484A9CEAB24}.Release|x86.Build.0 = Release|Any CPU
		{D172A352-4325-47F0-B4A2-DF187C0159F9}.Debug|Any CPU.ActiveCfg = Debug|Any CPU
		{D172A352-4325-47F0-B4A2-DF187C0159F9}.Debug|Any CPU.Build.0 = Debug|Any CPU
		{D172A352-4325-47F0-B4A2-DF187C0159F9}.Debug|x64.ActiveCfg = Debug|Any CPU
		{D172A352-4325-47F0-B4A2-DF187C0159F9}.Debug|x64.Build.0 = Debug|Any CPU
		{D172A352-4325-47F0-B4A2-DF187C0159F9}.Debug|x86.ActiveCfg = Debug|Any CPU
		{D172A352-4325-47F0-B4A2-DF187C0159F9}.Debug|x86.Build.0 = Debug|Any CPU
		{D172A352-4325-47F0-B4A2-DF187C0159F9}.Release|Any CPU.ActiveCfg = Release|Any CPU
		{D172A352-4325-47F0-B4A2-DF187C0159F9}.Release|Any CPU.Build.0 = Release|Any CPU
		{D172A352-4325-47F0-B4A2-DF187C0159F9}.Release|x64.ActiveCfg = Release|Any CPU
		{D172A352-4325-47F0-B4A2-DF187C0159F9}.Release|x64.Build.0 = Release|Any CPU
		{D172A352-4325-47F0-B4A2-DF187C0159F9}.Release|x86.ActiveCfg = Release|Any CPU
		{D172A352-4325-47F0-B4A2-DF187C0159F9}.Release|x86.Build.0 = Release|Any CPU
	EndGlobalSection
EndGlobal
